
Microsoft Visual Studio Solution File, Format Version 12.00
# Visual Studio 15
VisualStudioVersion = 15.0.27130.2003
MinimumVisualStudioVersion = 10.0.40219.1
Project("{FAE04EC0-301F-11D3-BF4B-00C04F79EFBC}") = "LearningKit.Gui", "LearningKit.Gui\LearningKit.Gui.csproj", "{693994B6-9997-4E79-B08E-BA61903B23AD}"
EndProject
Project("{FAE04EC0-301F-11D3-BF4B-00C04F79EFBC}") = "LearningKit.Data", "LearningKit.Data\LearningKit.Data.csproj", "{C143F143-28A8-4BE7-BF30-E4E17D37739C}"
EndProject
Global
	GlobalSection(SolutionConfigurationPlatforms) = preSolution
		Debug|Any CPU = Debug|Any CPU
		Release|Any CPU = Release|Any CPU
	EndGlobalSection
	GlobalSection(ProjectConfigurationPlatforms) = postSolution
		{693994B6-9997-4E79-B08E-BA61903B23AD}.Debug|Any CPU.ActiveCfg = Debug|Any CPU
		{693994B6-9997-4E79-B08E-BA61903B23AD}.Debug|Any CPU.Build.0 = Debug|Any CPU
		{693994B6-9997-4E79-B08E-BA61903B23AD}.Release|Any CPU.ActiveCfg = Release|Any CPU
		{693994B6-9997-4E79-B08E-BA61903B23AD}.Release|Any CPU.Build.0 = Release|Any CPU
		{C143F143-28A8-4BE7-BF30-E4E17D37739C}.Debug|Any CPU.ActiveCfg = Debug|Any CPU
		{C143F143-28A8-4BE7-BF30-E4E17D37739C}.Debug|Any CPU.Build.0 = Debug|Any CPU
		{C143F143-28A8-4BE7-BF30-E4E17D37739C}.Release|Any CPU.ActiveCfg = Release|Any CPU
		{C143F143-28A8-4BE7-BF30-E4E17D37739C}.Release|Any CPU.Build.0 = Release|Any CPU
	EndGlobalSection
	GlobalSection(SolutionProperties) = preSolution
		HideSolutionNode = FALSE
	EndGlobalSection
	GlobalSection(ExtensibilityGlobals) = postSolution
		SolutionGuid = {0DE6DEC4-8FFD-4490-8CF1-08E5B8994B09}
	EndGlobalSection
EndGlobal
